PODS:
  - Alamofire (5.4.3)
  - BTNavigationDropdownMenu (0.7)
  - DropDown (2.3.13)
  - M13Checkbox (3.4.0)
  - NVActivityIndicatorView (5.1.1):
    - NVActivityIndicatorView/Base (= 5.1.1)
  - NVActivityIndicatorView/Base (5.1.1)
  - PryntTrimmerView (4.0.2)
  - SnapKit (5.0.1)
  - SteviaLayout (4.7.3)
  - YPImagePicker (4.5.0):
    - PryntTrimmerView (~> 4.0.2)
    - SteviaLayout (~> 4.7.3)

DEPENDENCIES:
  - Alamofire
  - BTNavigationDropdownMenu
  - DropDown
  - M13Checkbox
  - NVActivityIndicatorView
  - SnapKit
  - YPImagePicker

SPEC REPOS:
  trunk:
    - Alamofire
    - BTNavigationDropdownMenu
    - DropDown
    - M13Checkbox
    - NVActivityIndicatorView
    - PryntTrimmerView
    - SnapKit
    - SteviaLayout
    - YPImagePicker

SPEC CHECKSUMS:
  Alamofire: e447a2774a40c996748296fa2c55112fdbbc42f9
  BTNavigationDropdownMenu: 57a72c74dc211db3564f5be168f4f7643491a7de
  DropDown: 8a2116376c1981888557f72ec2ffc9a5e0e456ec
  M13Checkbox: 6f59404540ac98ba83a3d1afac335895a40c6a5d
  NVActivityIndicatorView: 1f6c5687f1171810aa27a3296814dc2d7dec3667
  PryntTrimmerView: 6a43cc90df5d99addeabd33d4ba09b1365322130
  SnapKit: 97b92857e3df3a0c71833cce143274bf6ef8e5eb
  SteviaLayout: c2ecdcff57d44e38fd2f65e54ad52aeae28ca0c4
  YPImagePicker: 6f410f475bd22fa8cd430495b54d4b2f15865c2d

PODFILE CHECKSUM: 1ad12b00905fa556fc4869b2d507eb9df3f88ae4

COCOAPODS: 1.10.1
