PODS:
  - Alamofire (5.4.3)
  - M13Checkbox (3.4.0)
  - SnapKit (5.0.1)

DEPENDENCIES:
  - Alamofire
  - M13Checkbox
  - SnapKit

SPEC REPOS:
  trunk:
    - Alamofire
    - M13Checkbox
    - SnapKit

SPEC CHECKSUMS:
  Alamofire: e447a2774a40c996748296fa2c55112fdbbc42f9
  M13Checkbox: 6f59404540ac98ba83a3d1afac335895a40c6a5d
  SnapKit: 97b92857e3df3a0c71833cce143274bf6ef8e5eb

PODFILE CHECKSUM: ab8fadf1b5375edb8c50ad51cd0f0c43eec6af39

COCOAPODS: 1.10.1
